
Microsoft Visual Studio Solution File, Format Version 12.00
Project("{FAE04EC0-301F-11D3-BF4B-00C04F79EFBC}") = "NanoMq.Publisher", "NanoMq.Publisher\NanoMq.Publisher.csproj", "{F2A2A00A-A8BE-4CDE-981E-D8911743DDD5}"
EndProject
Project("{FAE04EC0-301F-11D3-BF4B-00C04F79EFBC}") = "Responder", "Responder\Responder.csproj", "{F604209D-A61E-472F-AF12-D5ACA9F861C4}"
EndProject
Global
	GlobalSection(SolutionConfigurationPlatforms) = preSolution
		Debug|Any CPU = Debug|Any CPU
		Release|Any CPU = Release|Any CPU
	EndGlobalSection
	GlobalSection(ProjectConfigurationPlatforms) = postSolution
		{F2A2A00A-A8BE-4CDE-981E-D8911743DDD5}.Debug|Any CPU.ActiveCfg = Debug|Any CPU
		{F2A2A00A-A8BE-4CDE-981E-D8911743DDD5}.Debug|Any CPU.Build.0 = Debug|Any CPU
		{F2A2A00A-A8BE-4CDE-981E-D8911743DDD5}.Release|Any CPU.ActiveCfg = Release|Any CPU
		{F2A2A00A-A8BE-4CDE-981E-D8911743DDD5}.Release|Any CPU.Build.0 = Release|Any CPU
		{F604209D-A61E-472F-AF12-D5ACA9F861C4}.Debug|Any CPU.ActiveCfg = Debug|Any CPU
		{F604209D-A61E-472F-AF12-D5ACA9F861C4}.Debug|Any CPU.Build.0 = Debug|Any CPU
		{F604209D-A61E-472F-AF12-D5ACA9F861C4}.Release|Any CPU.ActiveCfg = Release|Any CPU
		{F604209D-A61E-472F-AF12-D5ACA9F861C4}.Release|Any CPU.Build.0 = Release|Any CPU
	EndGlobalSection
EndGlobal
